// !$*UTF8*$!
{
	archiveVersion = 1;
	classes = {
	};
	objectVersion = 48;
	objects = {

/* Begin PBXBuildFile section */
		0D726D321F7E09B100A6FD8F /* main.swift in Sources */ = {isa = PBXBuildFile; fileRef = 0D726D311F7E09B100A6FD8F /* main.swift */; };
		0D726D3A1F7E0A0200A6FD8F /* OpenGL.framework in Frameworks */ = {isa = PBXBuildFile; fileRef = 0D726D391F7E0A0200A6FD8F /* OpenGL.framework */; };
		0D726D3E1F7E0D0900A6FD8F /* Cocoa.framework in Frameworks */ = {isa = PBXBuildFile; fileRef = 0D726D3D1F7E0D0900A6FD8F /* Cocoa.framework */; };
		0D726D3F1F7E0D1100A6FD8F /* GLUT.framework in Frameworks */ = {isa = PBXBuildFile; fileRef = 0D726D3B1F7E0A1200A6FD8F /* GLUT.framework */; };
/* End PBXBuildFile section */

/* Begin PBXCopyFilesBuildPhase section */
		0D726D2C1F7E09B100A6FD8F /* CopyFiles */ = {
			isa = PBXCopyFilesBuildPhase;
			buildActionMask = 2147483647;
			dstPath = /usr/share/man/man1/;
			dstSubfolderSpec = 0;
			files = (
			);
			runOnlyForDeploymentPostprocessing = 1;
		};
/* End PBXCopyFilesBuildPhase section */

/* Begin PBXFileReference section */
		0D726D2E1F7E09B100A6FD8F /* OpenGl classwork */ = {isa = PBXFileReference; explicitFileType = "compiled.mach-o.executable"; includeInIndex = 0; path = "OpenGl classwork"; sourceTree = BUILT_PRODUCTS_DIR; };
		0D726D311F7E09B100A6FD8F /* main.swift */ = {isa = PBXFileReference; lastKnownFileType = sourcecode.swift; path = main.swift; sourceTree = "<group>"; };
		0D726D391F7E0A0200A6FD8F /* OpenGL.framework */ = {isa = PBXFileReference; lastKnownFileType = wrapper.framework; name = OpenGL.framework; path = System/Library/Frameworks/OpenGL.framework; sourceTree = SDKROOT; };
		0D726D3B1F7E0A1200A6FD8F /* GLUT.framework */ = {isa = PBXFileReference; lastKnownFileType = wrapper.framework; name = GLUT.framework; path = System/Library/Frameworks/GLUT.framework; sourceTree = SDKROOT; };
		0D726D3D1F7E0D0900A6FD8F /* Cocoa.framework */ = {isa = PBXFileReference; lastKnownFileType = wrapper.framework; name = Cocoa.framework; path = System/Library/Frameworks/Cocoa.framework; sourceTree = SDKROOT; };
/* End PBXFileReference section */

/* Begin PBXFrameworksBuildPhase section */
		0D726D2B1F7E09B100A6FD8F /* Frameworks */ = {
			isa = PBXFrameworksBuildPhase;
			buildActionMask = 2147483647;
			files = (
				0D726D3E1F7E0D0900A6FD8F /* Cocoa.framework in Frameworks */,
				0D726D3A1F7E0A0200A6FD8F /* OpenGL.framework in Frameworks */,
				0D726D3F1F7E0D1100A6FD8F /* GLUT.framework in Frameworks */,
			);
			runOnlyForDeploymentPostprocessing = 0;
		};
/* End PBXFrameworksBuildPhase section */

/* Begin PBXGroup section */
		0D726D251F7E09B100A6FD8F = {
			isa = PBXGroup;
			children = (
				0D726D301F7E09B100A6FD8F /* OpenGl classwork */,
				0D726D2F1F7E09B100A6FD8F /* Products */,
				0D726D381F7E0A0100A6FD8F /* Frameworks */,
			);
			sourceTree = "<group>";
		};
		0D726D2F1F7E09B100A6FD8F /* Products */ = {
			isa = PBXGroup;
			children = (
				0D726D2E1F7E09B100A6FD8F /* OpenGl classwork */,
			);
			name = Products;
			sourceTree = "<group>";
		};
		0D726D301F7E09B100A6FD8F /* OpenGl classwork */ = {
			isa = PBXGroup;
			children = (
				0D726D311F7E09B100A6FD8F /* main.swift */,
			);
			path = "OpenGl classwork";
			sourceTree = "<group>";
		};
		0D726D381F7E0A0100A6FD8F /* Frameworks */ = {
			isa = PBXGroup;
			children = (
				0D726D3D1F7E0D0900A6FD8F /* Cocoa.framework */,
				0D726D3B1F7E0A1200A6FD8F /* GLUT.framework */,
				0D726D391F7E0A0200A6FD8F /* OpenGL.framework */,
			);
			name = Frameworks;
			sourceTree = "<group>";
		};
/* End PBXGroup section */

/* Begin PBXNativeTarget section */
		0D726D2D1F7E09B100A6FD8F /* OpenGl classwork */ = {
			isa = PBXNativeTarget;
			buildConfigurationList = 0D726D351F7E09B100A6FD8F /* Build configuration list for PBXNativeTarget "OpenGl classwork" */;
			buildPhases = (
				0D726D2A1F7E09B100A6FD8F /* Sources */,
				0D726D2B1F7E09B100A6FD8F /* Frameworks */,
				0D726D2C1F7E09B100A6FD8F /* CopyFiles */,
			);
			buildRules = (
			);
			dependencies = (
			);
			name = "OpenGl classwork";
			productName = "OpenGl classwork";
			productReference = 0D726D2E1F7E09B100A6FD8F /* OpenGl classwork */;
			productType = "com.apple.product-type.tool";
		};
/* End PBXNativeTarget section */

/* Begin PBXProject section */
		0D726D261F7E09B100A6FD8F /* Project object */ = {
			isa = PBXProject;
			attributes = {
				LastSwiftUpdateCheck = 0900;
				LastUpgradeCheck = 0900;
				ORGANIZATIONNAME = "Jack Gitonga";
				TargetAttributes = {
					0D726D2D1F7E09B100A6FD8F = {
						CreatedOnToolsVersion = 9.0;
						ProvisioningStyle = Automatic;
					};
				};
			};
			buildConfigurationList = 0D726D291F7E09B100A6FD8F /* Build configuration list for PBXProject "OpenGl classwork" */;
			compatibilityVersion = "Xcode 8.0";
			developmentRegion = en;
			hasScannedForEncodings = 0;
			knownRegions = (
				en,
			);
			mainGroup = 0D726D251F7E09B100A6FD8F;
			productRefGroup = 0D726D2F1F7E09B100A6FD8F /* Products */;
			projectDirPath = "";
			projectRoot = "";
			targets = (
				0D726D2D1F7E09B100A6FD8F /* OpenGl classwork */,
			);
		};
/* End PBXProject section */

/* Begin PBXSourcesBuildPhase section */
		0D726D2A1F7E09B100A6FD8F /* Sources */ = {
			isa = PBXSourcesBuildPhase;
			buildActionMask = 2147483647;
			files = (
				0D726D321F7E09B100A6FD8F /* main.swift in Sources */,
			);
			runOnlyForDeploymentPostprocessing = 0;
		};
/* End PBXSourcesBuildPhase section */

/* Begin XCBuildConfiguration section */
		0D726D331F7E09B100A6FD8F /* Debug */ = {
			isa = XCBuildConfiguration;
			buildSettings = {
				ALWAYS_SEARCH_USER_PATHS = NO;
				CLANG_ANALYZER_NONNULL = YES;
				CLANG_ANALYZER_NUMBER_OBJECT_CONVERSION = YES_AGGRESSIVE;
				CLANG_CXX_LANGUAGE_STANDARD = "gnu++14";
				CLANG_CXX_LIBRARY = "libc++";
				CLANG_ENABLE_MODULES = YES;
				CLANG_ENABLE_OBJC_ARC = YES;
				CLANG_WARN_BLOCK_CAPTURE_AUTORELEASING = YES;
				CLANG_WARN_BOOL_CONVERSION = YES;
				CLANG_WARN_COMMA = YES;
				CLANG_WARN_CONSTANT_CONVERSION = YES;
				CLANG_WARN_DIRECT_OBJC_ISA_USAGE = YES_ERROR;
				CLANG_WARN_DOCUMENTATION_COMMENTS = YES;
				CLANG_WARN_EMPTY_BODY = YES;
				CLANG_WARN_ENUM_CONVERSION = YES;
				CLANG_WARN_INFINITE_RECURSION = YES;
				CLANG_WARN_INT_CONVERSION = YES;
				CLANG_WARN_NON_LITERAL_NULL_CONVERSION = YES;
				CLANG_WARN_OBJC_LITERAL_CONVERSION = YES;
				CLANG_WARN_OBJC_ROOT_CLASS = YES_ERROR;
				CLANG_WARN_RANGE_LOOP_ANALYSIS = YES;
				CLANG_WARN_STRICT_PROTOTYPES = YES;
				CLANG_WARN_SUSPICIOUS_MOVE = YES;
				CLANG_WARN_UNGUARDED_AVAILABILITY = YES_AGGRESSIVE;
				CLANG_WARN_UNREACHABLE_CODE = YES;
				CLANG_WARN__DUPLICATE_METHOD_MATCH = YES;
				CODE_SIGN_IDENTITY = "Mac Developer";
				COPY_PHASE_STRIP = NO;
				DEBUG_INFORMATION_FORMAT = dwarf;
				ENABLE_STRICT_OBJC_MSGSEND = YES;
				ENABLE_TESTABILITY = YES;
				GCC_C_LANGUAGE_STANDARD = gnu11;
				GCC_DYNAMIC_NO_PIC = NO;
				GCC_NO_COMMON_BLOCKS = YES;
				GCC_OPTIMIZATION_LEVEL = 0;
				GCC_PREPROCESSOR_DEFINITIONS = (
					"DEBUG=1",
					"$(inherited)",
				);
				GCC_WARN_64_TO_32_BIT_CONVERSION = YES;
				GCC_WARN_ABOUT_RETURN_TYPE = YES_ERROR;
				GCC_WARN_UNDECLARED_SELECTOR = YES;
				GCC_WARN_UNINITIALIZED_AUTOS = YES_AGGRESSIVE;
				GCC_WARN_UNUSED_FUNCTION = YES;
				GCC_WARN_UNUSED_VARIABLE = YES;
				MACOSX_DEPLOYMENT_TARGET = 10.13;
				MTL_ENABLE_DEBUG_INFO = YES;
				ONLY_ACTIVE_ARCH = YES;
				SDKROOT = macosx;
				SWIFT_ACTIVE_COMPILATION_CONDITIONS = DEBUG;
				SWIFT_OPTIMIZATION_LEVEL = "-Onone";
			};
			name = Debug;
		};
		0D726D341F7E09B100A6FD8F /* Release */ = {
			isa = XCBuildConfiguration;
			buildSettings = {
				ALWAYS_SEARCH_USER_PATHS = NO;
				CLANG_ANALYZER_NONNULL = YES;
				CLANG_ANALYZER_NUMBER_OBJECT_CONVERSION = YES_AGGRESSIVE;
				CLANG_CXX_LANGUAGE_STANDARD = "gnu++14";
				CLANG_CXX_LIBRARY = "libc++";
				CLANG_ENABLE_MODULES = YES;
				CLANG_ENABLE_OBJC_ARC = YES;
				CLANG_WARN_BLOCK_CAPTURE_AUTORELEASING = YES;
				CLANG_WARN_BOOL_CONVERSION = YES;
				CLANG_WARN_COMMA = YES;
				CLANG_WARN_CONSTANT_CONVERSION = YES;
				CLANG_WARN_DIRECT_OBJC_ISA_USAGE = YES_ERROR;
				CLANG_WARN_DOCUMENTATION_COMMENTS = YES;
				CLANG_WARN_EMPTY_BODY = YES;
				CLANG_WARN_ENUM_CONVERSION = YES;
				CLANG_WARN_INFINITE_RECURSION = YES;
				CLANG_WARN_INT_CONVERSION = YES;
				CLANG_WARN_NON_LITERAL_NULL_CONVERSION = YES;
				CLANG_WARN_OBJC_LITERAL_CONVERSION = YES;
				CLANG_WARN_OBJC_ROOT_CLASS = YES_ERROR;
				CLANG_WARN_RANGE_LOOP_ANALYSIS = YES;
				CLANG_WARN_STRICT_PROTOTYPES = YES;
				CLANG_WARN_SUSPICIOUS_MOVE = YES;
				CLANG_WARN_UNGUARDED_AVAILABILITY = YES_AGGRESSIVE;
				CLANG_WARN_UNREACHABLE_CODE = YES;
				CLANG_WARN__DUPLICATE_METHOD_MATCH = YES;
				CODE_SIGN_IDENTITY = "Mac Developer";
				COPY_PHASE_STRIP = NO;
				DEBUG_INFORMATION_FORMAT = "dwarf-with-dsym";
				ENABLE_NS_ASSERTIONS = NO;
				ENABLE_STRICT_OBJC_MSGSEND = YES;
				GCC_C_LANGUAGE_STANDARD = gnu11;
				GCC_NO_COMMON_BLOCKS = YES;
				GCC_WARN_64_TO_32_BIT_CONVERSION = YES;
				GCC_WARN_ABOUT_RETURN_TYPE = YES_ERROR;
				GCC_WARN_UNDECLARED_SELECTOR = YES;
				GCC_WARN_UNINITIALIZED_AUTOS = YES_AGGRESSIVE;
				GCC_WARN_UNUSED_FUNCTION = YES;
				GCC_WARN_UNUSED_VARIABLE = YES;
				MACOSX_DEPLOYMENT_TARGET = 10.13;
				MTL_ENABLE_DEBUG_INFO = NO;
				SDKROOT = macosx;
				SWIFT_OPTIMIZATION_LEVEL = "-Owholemodule";
			};
			name = Release;
		};
		0D726D361F7E09B100A6FD8F /* Debug */ = {
			isa = XCBuildConfiguration;
			buildSettings = {
				CODE_SIGN_STYLE = Automatic;
				DEVELOPMENT_TEAM = DD6VW5EA64;
				PRODUCT_NAME = "$(TARGET_NAME)";
				SWIFT_VERSION = 4.0;
			};
			name = Debug;
		};
		0D726D371F7E09B100A6FD8F /* Release */ = {
			isa = XCBuildConfiguration;
			buildSettings = {
				CODE_SIGN_STYLE = Automatic;
				DEVELOPMENT_TEAM = DD6VW5EA64;
				PRODUCT_NAME = "$(TARGET_NAME)";
				SWIFT_VERSION = 4.0;
			};
			name = Release;
		};
/* End XCBuildConfiguration section */

/* Begin XCConfigurationList section */
		0D726D291F7E09B100A6FD8F /* Build configuration list for PBXProject "OpenGl classwork" */ = {
			isa = XCConfigurationList;
			buildConfigurations = (
				0D726D331F7E09B100A6FD8F /* Debug */,
				0D726D341F7E09B100A6FD8F /* Release */,
			);
			defaultConfigurationIsVisible = 0;
			defaultConfigurationName = Release;
		};
		0D726D351F7E09B100A6FD8F /* Build configuration list for PBXNativeTarget "OpenGl classwork" */ = {
			isa = XCConfigurationList;
			buildConfigurations = (
				0D726D361F7E09B100A6FD8F /* Debug */,
				0D726D371F7E09B100A6FD8F /* Release */,
			);
			defaultConfigurationIsVisible = 0;
			defaultConfigurationName = Release;
		};
/* End XCConfigurationList section */
	};
	rootObject = 0D726D261F7E09B100A6FD8F /* Project object */;
}
